
Microsoft Visual Studio Solution File, Format Version 12.00
# Visual Studio 15
VisualStudioVersion = 15.0.26730.12
MinimumVisualStudioVersion = 10.0.40219.1
Project("{FAE04EC0-301F-11D3-BF4B-00C04F79EFBC}") = "oop_lesson1", "oop_lesson1\oop_lesson1.csproj", "{D95526B7-6895-4E8C-B8D2-8985393CFF4A}"
EndProject
Global
	GlobalSection(SolutionConfigurationPlatforms) = preSolution
		Debug|Any CPU = Debug|Any CPU
		Release|Any CPU = Release|Any CPU
	EndGlobalSection
	GlobalSection(ProjectConfigurationPlatforms) = postSolution
		{D95526B7-6895-4E8C-B8D2-8985393CFF4A}.Debug|Any CPU.ActiveCfg = Debug|Any CPU
		{D95526B7-6895-4E8C-B8D2-8985393CFF4A}.Debug|Any CPU.Build.0 = Debug|Any CPU
		{D95526B7-6895-4E8C-B8D2-8985393CFF4A}.Release|Any CPU.ActiveCfg = Release|Any CPU
		{D95526B7-6895-4E8C-B8D2-8985393CFF4A}.Release|Any CPU.Build.0 = Release|Any CPU
	EndGlobalSection
	GlobalSection(SolutionProperties) = preSolution
		HideSolutionNode = FALSE
	EndGlobalSection
	GlobalSection(ExtensibilityGlobals) = postSolution
		SolutionGuid = {3F482142-2D9A-43AC-84C5-7BFF46964B4F}
	EndGlobalSection
EndGlobal
